
Microsoft Visual Studio Solution File, Format Version 12.00
# Visual Studio Version 17
VisualStudioVersion = 17.10.35004.147
MinimumVisualStudioVersion = 10.0.40219.1
Project("{FAE04EC0-301F-11D3-BF4B-00C04F79EFBC}") = "music-blog-server", "music-blog-server.csproj", "{D225F32A-2C87-4E7C-BCF5-1E47BEEF8514}"
EndProject
Global
	GlobalSection(SolutionConfigurationPlatforms) = preSolution
		Debug|Any CPU = Debug|Any CPU
		Release|Any CPU = Release|Any CPU
	EndGlobalSection
	GlobalSection(ProjectConfigurationPlatforms) = postSolution
		{D225F32A-2C87-4E7C-BCF5-1E47BEEF8514}.Debug|Any CPU.ActiveCfg = Debug|Any CPU
		{D225F32A-2C87-4E7C-BCF5-1E47BEEF8514}.Debug|Any CPU.Build.0 = Debug|Any CPU
		{D225F32A-2C87-4E7C-BCF5-1E47BEEF8514}.Release|Any CPU.ActiveCfg = Release|Any CPU
		{D225F32A-2C87-4E7C-BCF5-1E47BEEF8514}.Release|Any CPU.Build.0 = Release|Any CPU
	EndGlobalSection
	GlobalSection(SolutionProperties) = preSolution
		HideSolutionNode = FALSE
	EndGlobalSection
	GlobalSection(ExtensibilityGlobals) = postSolution
		SolutionGuid = {34F18E09-02D4-49B3-8DB7-85464B49FFD9}
	EndGlobalSection
EndGlobal
